<?xml version="1.0" encoding="utf-8"?>
<Project ToolsVersion="4.0" xmlns="http://schemas.microsoft.com/developer/msbuild/2003">
  <ItemGroup>
    <Filter Include="src">
      <UniqueIdentifier>{2DAB880B-99B4-887C-2230-9F7C8E38947C}</UniqueIdentifier>
    </Filter>
    <Filter Include="src\Key">
      <UniqueIdentifier>{058C2FA9-716B-AE44-7A83-391BE6E114A6}</UniqueIdentifier>
    </Filter>
    <Filter Include="src\Key\Core">
      <UniqueIdentifier>{7DFBE95F-695E-7904-12E4-B1BAFE254587}</UniqueIdentifier>
    </Filter>
    <Filter Include="src\Key\Core\Events">
      <UniqueIdentifier>{C1381CF3-2D9A-F900-B607-40B3226830C0}</UniqueIdentifier>
    </Filter>
    <Filter Include="src\Key\Core\Math">
      <UniqueIdentifier>{7616725F-E22C-70F5-2BA4-FB1697F9407D}</UniqueIdentifier>
    </Filter>
    <Filter Include="src\Key\Editor">
      <UniqueIdentifier>{9B713506-873F-290C-70D3-99325C400571}</UniqueIdentifier>
    </Filter>
    <Filter Include="src\Key\ImGui">
      <UniqueIdentifier>{EF30945D-5BF1-0F94-242C-591190AB5470}</UniqueIdentifier>
    </Filter>
    <Filter Include="src\Key\PlatForm">
      <UniqueIdentifier>{D9913EE5-C58A-5D37-EEBC-42BCDA143D43}</UniqueIdentifier>
    </Filter>
    <Filter Include="src\Key\PlatForm\OpenGL">
      <UniqueIdentifier>{ED8C3B43-59C4-83DA-62CE-E7FDCE84AAD3}</UniqueIdentifier>
    </Filter>
    <Filter Include="src\Key\PlatForm\Windows">
      <UniqueIdentifier>{1305C902-FF29-1883-2875-FD1214F916A1}</UniqueIdentifier>
    </Filter>
    <Filter Include="src\Key\Renderer">
      <UniqueIdentifier>{4B252DC0-371E-4C12-6050-31974CA82B1E}</UniqueIdentifier>
    </Filter>
    <Filter Include="src\Key\Scene">
      <UniqueIdentifier>{E228445E-4EE9-BF94-1724-091283A30471}</UniqueIdentifier>
    </Filter>
    <Filter Include="src\Key\Script">
      <UniqueIdentifier>{A952D026-9520-C42C-7EB4-34536A21A091}</UniqueIdentifier>
    </Filter>
    <Filter Include="vendor">
      <UniqueIdentifier>{B3738122-9F15-ACF8-88D0-BF4C74113349}</UniqueIdentifier>
    </Filter>
    <Filter Include="vendor\FastNoise">
      <UniqueIdentifier>{EEFAAAA2-DAF3-C9F4-0326-AF79EF7DA900}</UniqueIdentifier>
    </Filter>
  </ItemGroup>
  <ItemGroup>
    <ClInclude Include="src\Key.h">
      <Filter>src</Filter>
    </ClInclude>
    <ClInclude Include="src\Key\Core\Application.h">
      <Filter>src\Key\Core</Filter>
    </ClInclude>
    <ClInclude Include="src\Key\Core\Assert.h">
      <Filter>src\Key\Core</Filter>
    </ClInclude>
    <ClInclude Include="src\Key\Core\Base.h">
      <Filter>src\Key\Core</Filter>
    </ClInclude>
    <ClInclude Include="src\Key\Core\Buffer.h">
      <Filter>src\Key\Core</Filter>
    </ClInclude>
    <ClInclude Include="src\Key\Core\Events\ApplicationEvent.h">
      <Filter>src\Key\Core\Events</Filter>
    </ClInclude>
    <ClInclude Include="src\Key\Core\Events\Event.h">
      <Filter>src\Key\Core\Events</Filter>
    </ClInclude>
    <ClInclude Include="src\Key\Core\Events\KeyBoardEvent.h">
      <Filter>src\Key\Core\Events</Filter>
    </ClInclude>
    <ClInclude Include="src\Key\Core\Events\MouseEvent.h">
      <Filter>src\Key\Core\Events</Filter>
    </ClInclude>
    <ClInclude Include="src\Key\Core\KeyCodes.h">
      <Filter>src\Key\Core</Filter>
    </ClInclude>
    <ClInclude Include="src\Key\Core\Layer.h">
      <Filter>src\Key\Core</Filter>
    </ClInclude>
    <ClInclude Include="src\Key\Core\LayerStack.h">
      <Filter>src\Key\Core</Filter>
    </ClInclude>
    <ClInclude Include="src\Key\Core\Log.h">
      <Filter>src\Key\Core</Filter>
    </ClInclude>
    <ClInclude Include="src\Key\Core\Math\AABB.h">
      <Filter>src\Key\Core\Math</Filter>
    </ClInclude>
    <ClInclude Include="src\Key\Core\Math\Mat4.h">
      <Filter>src\Key\Core\Math</Filter>
    </ClInclude>
    <ClInclude Include="src\Key\Core\Math\Noise.h">
      <Filter>src\Key\Core\Math</Filter>
    </ClInclude>
    <ClInclude Include="src\Key\Core\Math\Ray.h">
      <Filter>src\Key\Core\Math</Filter>
    </ClInclude>
    <ClInclude Include="src\Key\Core\MouseButtonCodes.h">
      <Filter>src\Key\Core</Filter>
    </ClInclude>
    <ClInclude Include="src\Key\Core\Ref.h">
      <Filter>src\Key\Core</Filter>
    </ClInclude>
    <ClInclude Include="src\Key\Core\TimeStep.h">
      <Filter>src\Key\Core</Filter>
    </ClInclude>
    <ClInclude Include="src\Key\Core\Timer.h">
      <Filter>src\Key\Core</Filter>
    </ClInclude>
    <ClInclude Include="src\Key\Core\Window.h">
      <Filter>src\Key\Core</Filter>
    </ClInclude>
    <ClInclude Include="src\Key\Core\input.h">
      <Filter>src\Key\Core</Filter>
    </ClInclude>
    <ClInclude Include="src\Key\Editor\SceneHierarchyPanel.h">
      <Filter>src\Key\Editor</Filter>
    </ClInclude>
    <ClInclude Include="src\Key\EntryPoint.h">
      <Filter>src\Key</Filter>
    </ClInclude>
    <ClInclude Include="src\Key\ImGui\ImGuiLayer.h">
      <Filter>src\Key\ImGui</Filter>
    </ClInclude>
    <ClInclude Include="src\Key\ImGui\ImGuizmo.h">
      <Filter>src\Key\ImGui</Filter>
    </ClInclude>
    <ClInclude Include="src\Key\PlatForm\OpenGL\OpenGLBuffer.h">
      <Filter>src\Key\PlatForm\OpenGL</Filter>
    </ClInclude>
    <ClInclude Include="src\Key\PlatForm\OpenGL\OpenGLFramebuffer.h">
      <Filter>src\Key\PlatForm\OpenGL</Filter>
    </ClInclude>
    <ClInclude Include="src\Key\PlatForm\OpenGL\OpenGLRenderPass.h">
      <Filter>src\Key\PlatForm\OpenGL</Filter>
    </ClInclude>
    <ClInclude Include="src\Key\PlatForm\OpenGL\OpenGLShader.h">
      <Filter>src\Key\PlatForm\OpenGL</Filter>
    </ClInclude>
    <ClInclude Include="src\Key\PlatForm\OpenGL\OpenGLShaderUniform.h">
      <Filter>src\Key\PlatForm\OpenGL</Filter>
    </ClInclude>
    <ClInclude Include="src\Key\PlatForm\OpenGL\OpenGLTexture.h">
      <Filter>src\Key\PlatForm\OpenGL</Filter>
    </ClInclude>
    <ClInclude Include="src\Key\PlatForm\OpenGL\OpenGLVertexArray.h">
      <Filter>src\Key\PlatForm\OpenGL</Filter>
    </ClInclude>
    <ClInclude Include="src\Key\PlatForm\Windows\WindowsWindow.h">
      <Filter>src\Key\PlatForm\Windows</Filter>
    </ClInclude>
    <ClInclude Include="src\Key\Renderer\Buffer.h">
      <Filter>src\Key\Renderer</Filter>
    </ClInclude>
    <ClInclude Include="src\Key\Renderer\Camera.h">
      <Filter>src\Key\Renderer</Filter>
    </ClInclude>
    <ClInclude Include="src\Key\Renderer\CameraController.h">
      <Filter>src\Key\Renderer</Filter>
    </ClInclude>
    <ClInclude Include="src\Key\Renderer\Framebuffer.h">
      <Filter>src\Key\Renderer</Filter>
    </ClInclude>
    <ClInclude Include="src\Key\Renderer\Material.h">
      <Filter>src\Key\Renderer</Filter>
    </ClInclude>
    <ClInclude Include="src\Key\Renderer\Mesh.h">
      <Filter>src\Key\Renderer</Filter>
    </ClInclude>
    <ClInclude Include="src\Key\Renderer\OrthographicCamera.h">
      <Filter>src\Key\Renderer</Filter>
    </ClInclude>
    <ClInclude Include="src\Key\Renderer\RenderCommandQueue.h">
      <Filter>src\Key\Renderer</Filter>
    </ClInclude>
    <ClInclude Include="src\Key\Renderer\RenderPass.h">
      <Filter>src\Key\Renderer</Filter>
    </ClInclude>
    <ClInclude Include="src\Key\Renderer\Renderer.h">
      <Filter>src\Key\Renderer</Filter>
    </ClInclude>
    <ClInclude Include="src\Key\Renderer\Renderer2D.h">
      <Filter>src\Key\Renderer</Filter>
    </ClInclude>
    <ClInclude Include="src\Key\Renderer\RendererAPI.h">
      <Filter>src\Key\Renderer</Filter>
    </ClInclude>
    <ClInclude Include="src\Key\Renderer\SceneRenderer.h">
      <Filter>src\Key\Renderer</Filter>
    </ClInclude>
    <ClInclude Include="src\Key\Renderer\Shader.h">
      <Filter>src\Key\Renderer</Filter>
    </ClInclude>
    <ClInclude Include="src\Key\Renderer\ShaderUniform.h">
      <Filter>src\Key\Renderer</Filter>
    </ClInclude>
    <ClInclude Include="src\Key\Renderer\Texture.h">
      <Filter>src\Key\Renderer</Filter>
    </ClInclude>
    <ClInclude Include="src\Key\Renderer\VertexArray.h">
      <Filter>src\Key\Renderer</Filter>
    </ClInclude>
    <ClInclude Include="src\Key\Scene\Components.h">
      <Filter>src\Key\Scene</Filter>
    </ClInclude>
    <ClInclude Include="src\Key\Scene\Entity.h">
      <Filter>src\Key\Scene</Filter>
    </ClInclude>
    <ClInclude Include="src\Key\Scene\Scene.h">
      <Filter>src\Key\Scene</Filter>
    </ClInclude>
    <ClInclude Include="src\Key\Script\ScriptEngine.h">
      <Filter>src\Key\Script</Filter>
    </ClInclude>
    <ClInclude Include="src\Key\Script\ScriptEngineRegistry.h">
      <Filter>src\Key\Script</Filter>
    </ClInclude>
    <ClInclude Include="src\Key\Script\ScriptWrappers.h">
      <Filter>src\Key\Script</Filter>
    </ClInclude>
    <ClInclude Include="src\Kpch.h">
      <Filter>src</Filter>
    </ClInclude>
  </ItemGroup>
  <ItemGroup>
    <ClCompile Include="src\Key\Core\Application.cpp">
      <Filter>src\Key\Core</Filter>
    </ClCompile>
    <ClCompile Include="src\Key\Core\Base.cpp">
      <Filter>src\Key\Core</Filter>
    </ClCompile>
    <ClCompile Include="src\Key\Core\Layer.cpp">
      <Filter>src\Key\Core</Filter>
    </ClCompile>
    <ClCompile Include="src\Key\Core\LayerStack.cpp">
      <Filter>src\Key\Core</Filter>
    </ClCompile>
    <ClCompile Include="src\Key\Core\Log.cpp">
      <Filter>src\Key\Core</Filter>
    </ClCompile>
    <ClCompile Include="src\Key\Core\Math\Mat4.cpp">
      <Filter>src\Key\Core\Math</Filter>
    </ClCompile>
    <ClCompile Include="src\Key\Core\Math\Noise.cpp">
      <Filter>src\Key\Core\Math</Filter>
    </ClCompile>
    <ClCompile Include="src\Key\Core\Window.cpp">
      <Filter>src\Key\Core</Filter>
    </ClCompile>
    <ClCompile Include="src\Key\Editor\SceneHierarchyPanel.cpp">
      <Filter>src\Key\Editor</Filter>
    </ClCompile>
    <ClCompile Include="src\Key\ImGui\ImGuiBuild.cpp">
      <Filter>src\Key\ImGui</Filter>
    </ClCompile>
    <ClCompile Include="src\Key\ImGui\ImGuiLayer.cpp">
      <Filter>src\Key\ImGui</Filter>
    </ClCompile>
    <ClCompile Include="src\Key\ImGui\ImGuizmo.cpp">
      <Filter>src\Key\ImGui</Filter>
    </ClCompile>
    <ClCompile Include="src\Key\PlatForm\OpenGL\OpenGLBuffer.cpp">
      <Filter>src\Key\PlatForm\OpenGL</Filter>
    </ClCompile>
    <ClCompile Include="src\Key\PlatForm\OpenGL\OpenGLFrameBbuffer.cpp">
      <Filter>src\Key\PlatForm\OpenGL</Filter>
    </ClCompile>
    <ClCompile Include="src\Key\PlatForm\OpenGL\OpenGLRenderPass.cpp">
      <Filter>src\Key\PlatForm\OpenGL</Filter>
    </ClCompile>
    <ClCompile Include="src\Key\PlatForm\OpenGL\OpenGLRendererAPI.cpp">
      <Filter>src\Key\PlatForm\OpenGL</Filter>
    </ClCompile>
    <ClCompile Include="src\Key\PlatForm\OpenGL\OpenGLShader.cpp">
      <Filter>src\Key\PlatForm\OpenGL</Filter>
    </ClCompile>
    <ClCompile Include="src\Key\PlatForm\OpenGL\OpenGLShaderUniform.cpp">
      <Filter>src\Key\PlatForm\OpenGL</Filter>
    </ClCompile>
    <ClCompile Include="src\Key\PlatForm\OpenGL\OpenGLTexture.cpp">
      <Filter>src\Key\PlatForm\OpenGL</Filter>
    </ClCompile>
    <ClCompile Include="src\Key\PlatForm\OpenGL\OpenGLVertexArray.cpp">
      <Filter>src\Key\PlatForm\OpenGL</Filter>
    </ClCompile>
    <ClCompile Include="src\Key\PlatForm\Windows\WindowsInput.cpp">
      <Filter>src\Key\PlatForm\Windows</Filter>
    </ClCompile>
    <ClCompile Include="src\Key\PlatForm\Windows\WindowsWindow.cpp">
      <Filter>src\Key\PlatForm\Windows</Filter>
    </ClCompile>
    <ClCompile Include="src\Key\Renderer\Buffer.cpp">
      <Filter>src\Key\Renderer</Filter>
    </ClCompile>
    <ClCompile Include="src\Key\Renderer\Camera.cpp">
      <Filter>src\Key\Renderer</Filter>
    </ClCompile>
    <ClCompile Include="src\Key\Renderer\CameraController.cpp">
      <Filter>src\Key\Renderer</Filter>
    </ClCompile>
    <ClCompile Include="src\Key\Renderer\Framebuffer.cpp">
      <Filter>src\Key\Renderer</Filter>
    </ClCompile>
    <ClCompile Include="src\Key\Renderer\Material.cpp">
      <Filter>src\Key\Renderer</Filter>
    </ClCompile>
    <ClCompile Include="src\Key\Renderer\Mesh.cpp">
      <Filter>src\Key\Renderer</Filter>
    </ClCompile>
    <ClCompile Include="src\Key\Renderer\OrthographicCamera.cpp">
      <Filter>src\Key\Renderer</Filter>
    </ClCompile>
    <ClCompile Include="src\Key\Renderer\RenderCommandQueue.cpp">
      <Filter>src\Key\Renderer</Filter>
    </ClCompile>
    <ClCompile Include="src\Key\Renderer\RenderPass.cpp">
      <Filter>src\Key\Renderer</Filter>
    </ClCompile>
    <ClCompile Include="src\Key\Renderer\Renderer.cpp">
      <Filter>src\Key\Renderer</Filter>
    </ClCompile>
    <ClCompile Include="src\Key\Renderer\Renderer2D.cpp">
      <Filter>src\Key\Renderer</Filter>
    </ClCompile>
    <ClCompile Include="src\Key\Renderer\SceneRenderer.cpp">
      <Filter>src\Key\Renderer</Filter>
    </ClCompile>
    <ClCompile Include="src\Key\Renderer\Shader.cpp">
      <Filter>src\Key\Renderer</Filter>
    </ClCompile>
    <ClCompile Include="src\Key\Renderer\Texture.cpp">
      <Filter>src\Key\Renderer</Filter>
    </ClCompile>
    <ClCompile Include="src\Key\Renderer\VertexArray.cpp">
      <Filter>src\Key\Renderer</Filter>
    </ClCompile>
    <ClCompile Include="src\Key\Scene\Entity.cpp">
      <Filter>src\Key\Scene</Filter>
    </ClCompile>
    <ClCompile Include="src\Key\Scene\Scene.cpp">
      <Filter>src\Key\Scene</Filter>
    </ClCompile>
    <ClCompile Include="src\Key\Script\ScriptEngine.cpp">
      <Filter>src\Key\Script</Filter>
    </ClCompile>
    <ClCompile Include="src\Key\Script\ScriptEngineRegistry.cpp">
      <Filter>src\Key\Script</Filter>
    </ClCompile>
    <ClCompile Include="src\Key\Script\ScriptWrappers.cpp">
      <Filter>src\Key\Script</Filter>
    </ClCompile>
    <ClCompile Include="src\Kpch.cpp">
      <Filter>src</Filter>
    </ClCompile>
    <ClCompile Include="vendor\FastNoise\FastNoise.cpp">
      <Filter>vendor\FastNoise</Filter>
    </ClCompile>
  </ItemGroup>
</Project>