<?xml version="1.0" encoding="utf-8"?>
<Project ToolsVersion="4.0" xmlns="http://schemas.microsoft.com/developer/msbuild/2003">
  <ItemGroup>
    <Filter Include="src">
      <UniqueIdentifier>{2DAB880B-99B4-887C-2230-9F7C8E38947C}</UniqueIdentifier>
    </Filter>
    <Filter Include="src\Key">
      <UniqueIdentifier>{058C2FA9-716B-AE44-7A83-391BE6E114A6}</UniqueIdentifier>
    </Filter>
    <Filter Include="src\Key\Asset">
      <UniqueIdentifier>{5470075D-C030-8393-896B-CC10F5EAC76F}</UniqueIdentifier>
    </Filter>
    <Filter Include="src\Key\Core">
      <UniqueIdentifier>{7DFBE95F-695E-7904-12E4-B1BAFE254587}</UniqueIdentifier>
    </Filter>
    <Filter Include="src\Key\Core\Events">
      <UniqueIdentifier>{C1381CF3-2D9A-F900-B607-40B3226830C0}</UniqueIdentifier>
    </Filter>
    <Filter Include="src\Key\Core\Math">
      <UniqueIdentifier>{7616725F-E22C-70F5-2BA4-FB1697F9407D}</UniqueIdentifier>
    </Filter>
    <Filter Include="src\Key\Editor">
      <UniqueIdentifier>{9B713506-873F-290C-70D3-99325C400571}</UniqueIdentifier>
    </Filter>
    <Filter Include="src\Key\ImGui">
      <UniqueIdentifier>{EF30945D-5BF1-0F94-242C-591190AB5470}</UniqueIdentifier>
    </Filter>
    <Filter Include="src\Key\Math">
      <UniqueIdentifier>{FE3BEF5F-EA9E-7E04-9324-B7BA7F664A87}</UniqueIdentifier>
    </Filter>
    <Filter Include="src\Key\PlatForm">
      <UniqueIdentifier>{D9913EE5-C58A-5D37-EEBC-42BCDA143D43}</UniqueIdentifier>
    </Filter>
    <Filter Include="src\Key\PlatForm\OpenGL">
      <UniqueIdentifier>{ED8C3B43-59C4-83DA-62CE-E7FDCE84AAD3}</UniqueIdentifier>
    </Filter>
    <Filter Include="src\Key\PlatForm\Vulkan">
      <UniqueIdentifier>{39F1ED53-A528-36EB-AE32-9A0E1AE95CE4}</UniqueIdentifier>
    </Filter>
    <Filter Include="src\Key\PlatForm\Vulkan\Debug">
      <UniqueIdentifier>{6F4240FB-DB5A-2725-A407-B7BE10DFBBBE}</UniqueIdentifier>
    </Filter>
    <Filter Include="src\Key\PlatForm\Windows">
      <UniqueIdentifier>{1305C902-FF29-1883-2875-FD1214F916A1}</UniqueIdentifier>
    </Filter>
    <Filter Include="src\Key\Renderer">
      <UniqueIdentifier>{4B252DC0-371E-4C12-6050-31974CA82B1E}</UniqueIdentifier>
    </Filter>
    <Filter Include="src\Key\Scene">
      <UniqueIdentifier>{E228445E-4EE9-BF94-1724-091283A30471}</UniqueIdentifier>
    </Filter>
    <Filter Include="src\Key\Script">
      <UniqueIdentifier>{A952D026-9520-C42C-7EB4-34536A21A091}</UniqueIdentifier>
    </Filter>
    <Filter Include="src\Key\Utilities">
      <UniqueIdentifier>{B03A328D-1C51-3023-65C8-BB44D11D01AB}</UniqueIdentifier>
    </Filter>
    <Filter Include="vendor">
      <UniqueIdentifier>{B3738122-9F15-ACF8-88D0-BF4C74113349}</UniqueIdentifier>
    </Filter>
    <Filter Include="vendor\FastNoise">
      <UniqueIdentifier>{EEFAAAA2-DAF3-C9F4-0326-AF79EF7DA900}</UniqueIdentifier>
    </Filter>
    <Filter Include="vendor\VulkanMemoryAllocator">
      <UniqueIdentifier>{CD0FE8DE-B9CA-D78A-6282-50D54E1C221B}</UniqueIdentifier>
    </Filter>
    <Filter Include="vendor\yaml-cpp">
      <UniqueIdentifier>{C5B3FC54-313F-6A19-3A50-ED0DA65AC619}</UniqueIdentifier>
    </Filter>
    <Filter Include="vendor\yaml-cpp\include">
      <UniqueIdentifier>{38D04F32-A407-98C9-AD11-FCEC19C8BEC2}</UniqueIdentifier>
    </Filter>
    <Filter Include="vendor\yaml-cpp\include\yaml-cpp">
      <UniqueIdentifier>{EAF52FF2-D646-1B34-FFAA-09F6EB5AAE9D}</UniqueIdentifier>
    </Filter>
    <Filter Include="vendor\yaml-cpp\include\yaml-cpp\contrib">
      <UniqueIdentifier>{EA87E472-D604-D8B5-FF81-D8C9EB5D7449}</UniqueIdentifier>
    </Filter>
    <Filter Include="vendor\yaml-cpp\include\yaml-cpp\node">
      <UniqueIdentifier>{FFEED84C-6BB3-D73C-3419-0807A09C7372}</UniqueIdentifier>
    </Filter>
    <Filter Include="vendor\yaml-cpp\include\yaml-cpp\node\detail">
      <UniqueIdentifier>{E131EE05-CD44-EE5E-762E-CB4B62208BAC}</UniqueIdentifier>
    </Filter>
    <Filter Include="vendor\yaml-cpp\src">
      <UniqueIdentifier>{5CCC2628-C82D-0436-519B-4AE8BDFB3AF5}</UniqueIdentifier>
    </Filter>
    <Filter Include="vendor\yaml-cpp\src\contrib">
      <UniqueIdentifier>{5CB0BB24-C8BD-E90A-51A4-E5F5BDB0B5C1}</UniqueIdentifier>
    </Filter>
  </ItemGroup>
  <ItemGroup>
    <ClInclude Include="src\Key.h">
      <Filter>src</Filter>
    </ClInclude>
    <ClInclude Include="src\Key\Asset\AssetImporter.h">
      <Filter>src\Key\Asset</Filter>
    </ClInclude>
    <ClInclude Include="src\Key\Asset\AssetManager.h">
      <Filter>src\Key\Asset</Filter>
    </ClInclude>
    <ClInclude Include="src\Key\Asset\AssetSerializer.h">
      <Filter>src\Key\Asset</Filter>
    </ClInclude>
    <ClInclude Include="src\Key\Asset\Assets.h">
      <Filter>src\Key\Asset</Filter>
    </ClInclude>
    <ClInclude Include="src\Key\Core\Application.h">
      <Filter>src\Key\Core</Filter>
    </ClInclude>
    <ClInclude Include="src\Key\Core\Assert.h">
      <Filter>src\Key\Core</Filter>
    </ClInclude>
    <ClInclude Include="src\Key\Core\Base.h">
      <Filter>src\Key\Core</Filter>
    </ClInclude>
    <ClInclude Include="src\Key\Core\Buffer.h">
      <Filter>src\Key\Core</Filter>
    </ClInclude>
    <ClInclude Include="src\Key\Core\Events\ApplicationEvent.h">
      <Filter>src\Key\Core\Events</Filter>
    </ClInclude>
    <ClInclude Include="src\Key\Core\Events\Event.h">
      <Filter>src\Key\Core\Events</Filter>
    </ClInclude>
    <ClInclude Include="src\Key\Core\Events\KeyBoardEvent.h">
      <Filter>src\Key\Core\Events</Filter>
    </ClInclude>
    <ClInclude Include="src\Key\Core\Events\MouseEvent.h">
      <Filter>src\Key\Core\Events</Filter>
    </ClInclude>
    <ClInclude Include="src\Key\Core\KeyCodes.h">
      <Filter>src\Key\Core</Filter>
    </ClInclude>
    <ClInclude Include="src\Key\Core\Layer.h">
      <Filter>src\Key\Core</Filter>
    </ClInclude>
    <ClInclude Include="src\Key\Core\LayerStack.h">
      <Filter>src\Key\Core</Filter>
    </ClInclude>
    <ClInclude Include="src\Key\Core\Log.h">
      <Filter>src\Key\Core</Filter>
    </ClInclude>
    <ClInclude Include="src\Key\Core\Math\AABB.h">
      <Filter>src\Key\Core\Math</Filter>
    </ClInclude>
    <ClInclude Include="src\Key\Core\Math\Mat4.h">
      <Filter>src\Key\Core\Math</Filter>
    </ClInclude>
    <ClInclude Include="src\Key\Core\Math\Noise.h">
      <Filter>src\Key\Core\Math</Filter>
    </ClInclude>
    <ClInclude Include="src\Key\Core\Math\Ray.h">
      <Filter>src\Key\Core\Math</Filter>
    </ClInclude>
    <ClInclude Include="src\Key\Core\MouseButtonCodes.h">
      <Filter>src\Key\Core</Filter>
    </ClInclude>
    <ClInclude Include="src\Key\Core\Ref.h">
      <Filter>src\Key\Core</Filter>
    </ClInclude>
    <ClInclude Include="src\Key\Core\TimeStep.h">
      <Filter>src\Key\Core</Filter>
    </ClInclude>
    <ClInclude Include="src\Key\Core\Timer.h">
      <Filter>src\Key\Core</Filter>
    </ClInclude>
    <ClInclude Include="src\Key\Core\UUID.h">
      <Filter>src\Key\Core</Filter>
    </ClInclude>
    <ClInclude Include="src\Key\Core\Window.h">
      <Filter>src\Key\Core</Filter>
    </ClInclude>
    <ClInclude Include="src\Key\Core\input.h">
      <Filter>src\Key\Core</Filter>
    </ClInclude>
    <ClInclude Include="src\Key\Editor\AssetEditorPanel.h">
      <Filter>src\Key\Editor</Filter>
    </ClInclude>
    <ClInclude Include="src\Key\Editor\ContentBrowserPanel.h">
      <Filter>src\Key\Editor</Filter>
    </ClInclude>
    <ClInclude Include="src\Key\Editor\DefaultAssetEditors.h">
      <Filter>src\Key\Editor</Filter>
    </ClInclude>
    <ClInclude Include="src\Key\Editor\EditorCamera.h">
      <Filter>src\Key\Editor</Filter>
    </ClInclude>
    <ClInclude Include="src\Key\Editor\MeshViewerPanel.h">
      <Filter>src\Key\Editor</Filter>
    </ClInclude>
    <ClInclude Include="src\Key\Editor\ObjectsPanel.h">
      <Filter>src\Key\Editor</Filter>
    </ClInclude>
    <ClInclude Include="src\Key\Editor\SceneHierarchyPanel.h">
      <Filter>src\Key\Editor</Filter>
    </ClInclude>
    <ClInclude Include="src\Key\EntryPoint.h">
      <Filter>src\Key</Filter>
    </ClInclude>
    <ClInclude Include="src\Key\ImGui\ImGui.h">
      <Filter>src\Key\ImGui</Filter>
    </ClInclude>
    <ClInclude Include="src\Key\ImGui\ImGuiLayer.h">
      <Filter>src\Key\ImGui</Filter>
    </ClInclude>
    <ClInclude Include="src\Key\ImGui\ImGuizmo.h">
      <Filter>src\Key\ImGui</Filter>
    </ClInclude>
    <ClInclude Include="src\Key\Math\Math.h">
      <Filter>src\Key\Math</Filter>
    </ClInclude>
    <ClInclude Include="src\Key\PlatForm\OpenGL\OpenGLContext.h">
      <Filter>src\Key\PlatForm\OpenGL</Filter>
    </ClInclude>
    <ClInclude Include="src\Key\PlatForm\OpenGL\OpenGLFramebuffer.h">
      <Filter>src\Key\PlatForm\OpenGL</Filter>
    </ClInclude>
    <ClInclude Include="src\Key\PlatForm\OpenGL\OpenGLImGuiLayer.h">
      <Filter>src\Key\PlatForm\OpenGL</Filter>
    </ClInclude>
    <ClInclude Include="src\Key\PlatForm\OpenGL\OpenGLImage.h">
      <Filter>src\Key\PlatForm\OpenGL</Filter>
    </ClInclude>
    <ClInclude Include="src\Key\PlatForm\OpenGL\OpenGLIndexBuffer.h">
      <Filter>src\Key\PlatForm\OpenGL</Filter>
    </ClInclude>
    <ClInclude Include="src\Key\PlatForm\OpenGL\OpenGLMaterial.h">
      <Filter>src\Key\PlatForm\OpenGL</Filter>
    </ClInclude>
    <ClInclude Include="src\Key\PlatForm\OpenGL\OpenGLPipeline.h">
      <Filter>src\Key\PlatForm\OpenGL</Filter>
    </ClInclude>
    <ClInclude Include="src\Key\PlatForm\OpenGL\OpenGLRenderPass.h">
      <Filter>src\Key\PlatForm\OpenGL</Filter>
    </ClInclude>
    <ClInclude Include="src\Key\PlatForm\OpenGL\OpenGLRenderer.h">
      <Filter>src\Key\PlatForm\OpenGL</Filter>
    </ClInclude>
    <ClInclude Include="src\Key\PlatForm\OpenGL\OpenGLShader.h">
      <Filter>src\Key\PlatForm\OpenGL</Filter>
    </ClInclude>
    <ClInclude Include="src\Key\PlatForm\OpenGL\OpenGLTexture.h">
      <Filter>src\Key\PlatForm\OpenGL</Filter>
    </ClInclude>
    <ClInclude Include="src\Key\PlatForm\OpenGL\OpenGLUniformBuffer.h">
      <Filter>src\Key\PlatForm\OpenGL</Filter>
    </ClInclude>
    <ClInclude Include="src\Key\PlatForm\OpenGL\OpenGLUniformBufferSet.h">
      <Filter>src\Key\PlatForm\OpenGL</Filter>
    </ClInclude>
    <ClInclude Include="src\Key\PlatForm\OpenGL\OpenGLVertexBuffer.h">
      <Filter>src\Key\PlatForm\OpenGL</Filter>
    </ClInclude>
    <ClInclude Include="src\Key\PlatForm\Vulkan\Debug\NsightAftermathGpuCrashTracker.h">
      <Filter>src\Key\PlatForm\Vulkan\Debug</Filter>
    </ClInclude>
    <ClInclude Include="src\Key\PlatForm\Vulkan\Debug\NsightAftermathHelpers.h">
      <Filter>src\Key\PlatForm\Vulkan\Debug</Filter>
    </ClInclude>
    <ClInclude Include="src\Key\PlatForm\Vulkan\Debug\NsightAftermathShaderDatabase.h">
      <Filter>src\Key\PlatForm\Vulkan\Debug</Filter>
    </ClInclude>
    <ClInclude Include="src\Key\PlatForm\Vulkan\Vulkan.h">
      <Filter>src\Key\PlatForm\Vulkan</Filter>
    </ClInclude>
    <ClInclude Include="src\Key\PlatForm\Vulkan\VulkanAllocator.h">
      <Filter>src\Key\PlatForm\Vulkan</Filter>
    </ClInclude>
    <ClInclude Include="src\Key\PlatForm\Vulkan\VulkanComputePipeline.h">
      <Filter>src\Key\PlatForm\Vulkan</Filter>
    </ClInclude>
    <ClInclude Include="src\Key\PlatForm\Vulkan\VulkanContext.h">
      <Filter>src\Key\PlatForm\Vulkan</Filter>
    </ClInclude>
    <ClInclude Include="src\Key\PlatForm\Vulkan\VulkanDevice.h">
      <Filter>src\Key\PlatForm\Vulkan</Filter>
    </ClInclude>
    <ClInclude Include="src\Key\PlatForm\Vulkan\VulkanDiagnostics.h">
      <Filter>src\Key\PlatForm\Vulkan</Filter>
    </ClInclude>
    <ClInclude Include="src\Key\PlatForm\Vulkan\VulkanFramebuffer.h">
      <Filter>src\Key\PlatForm\Vulkan</Filter>
    </ClInclude>
    <ClInclude Include="src\Key\PlatForm\Vulkan\VulkanImGuiLayer.h">
      <Filter>src\Key\PlatForm\Vulkan</Filter>
    </ClInclude>
    <ClInclude Include="src\Key\PlatForm\Vulkan\VulkanImage.h">
      <Filter>src\Key\PlatForm\Vulkan</Filter>
    </ClInclude>
    <ClInclude Include="src\Key\PlatForm\Vulkan\VulkanIndexBuffer.h">
      <Filter>src\Key\PlatForm\Vulkan</Filter>
    </ClInclude>
    <ClInclude Include="src\Key\PlatForm\Vulkan\VulkanMaterial.h">
      <Filter>src\Key\PlatForm\Vulkan</Filter>
    </ClInclude>
    <ClInclude Include="src\Key\PlatForm\Vulkan\VulkanPipeline.h">
      <Filter>src\Key\PlatForm\Vulkan</Filter>
    </ClInclude>
    <ClInclude Include="src\Key\PlatForm\Vulkan\VulkanRenderCommandBuffer.h">
      <Filter>src\Key\PlatForm\Vulkan</Filter>
    </ClInclude>
    <ClInclude Include="src\Key\PlatForm\Vulkan\VulkanRenderPass.h">
      <Filter>src\Key\PlatForm\Vulkan</Filter>
    </ClInclude>
    <ClInclude Include="src\Key\PlatForm\Vulkan\VulkanRenderer.h">
      <Filter>src\Key\PlatForm\Vulkan</Filter>
    </ClInclude>
    <ClInclude Include="src\Key\PlatForm\Vulkan\VulkanShader.h">
      <Filter>src\Key\PlatForm\Vulkan</Filter>
    </ClInclude>
    <ClInclude Include="src\Key\PlatForm\Vulkan\VulkanSwapChain.h">
      <Filter>src\Key\PlatForm\Vulkan</Filter>
    </ClInclude>
    <ClInclude Include="src\Key\PlatForm\Vulkan\VulkanTexture.h">
      <Filter>src\Key\PlatForm\Vulkan</Filter>
    </ClInclude>
    <ClInclude Include="src\Key\PlatForm\Vulkan\VulkanUniformBuffer.h">
      <Filter>src\Key\PlatForm\Vulkan</Filter>
    </ClInclude>
    <ClInclude Include="src\Key\PlatForm\Vulkan\VulkanUniformBufferSet.h">
      <Filter>src\Key\PlatForm\Vulkan</Filter>
    </ClInclude>
    <ClInclude Include="src\Key\PlatForm\Vulkan\VulkanVertexBuffer.h">
      <Filter>src\Key\PlatForm\Vulkan</Filter>
    </ClInclude>
    <ClInclude Include="src\Key\PlatForm\Windows\WindowsWindow.h">
      <Filter>src\Key\PlatForm\Windows</Filter>
    </ClInclude>
    <ClInclude Include="src\Key\Renderer\Camera.h">
      <Filter>src\Key\Renderer</Filter>
    </ClInclude>
    <ClInclude Include="src\Key\Renderer\CameraController.h">
      <Filter>src\Key\Renderer</Filter>
    </ClInclude>
    <ClInclude Include="src\Key\Renderer\Framebuffer.h">
      <Filter>src\Key\Renderer</Filter>
    </ClInclude>
    <ClInclude Include="src\Key\Renderer\Image.h">
      <Filter>src\Key\Renderer</Filter>
    </ClInclude>
    <ClInclude Include="src\Key\Renderer\IndexBuffer.h">
      <Filter>src\Key\Renderer</Filter>
    </ClInclude>
    <ClInclude Include="src\Key\Renderer\Material.h">
      <Filter>src\Key\Renderer</Filter>
    </ClInclude>
    <ClInclude Include="src\Key\Renderer\Mesh.h">
      <Filter>src\Key\Renderer</Filter>
    </ClInclude>
    <ClInclude Include="src\Key\Renderer\MeshFactory.h">
      <Filter>src\Key\Renderer</Filter>
    </ClInclude>
    <ClInclude Include="src\Key\Renderer\OrthographicCamera.h">
      <Filter>src\Key\Renderer</Filter>
    </ClInclude>
    <ClInclude Include="src\Key\Renderer\Pipeline.h">
      <Filter>src\Key\Renderer</Filter>
    </ClInclude>
    <ClInclude Include="src\Key\Renderer\RenderCommandBuffer.h">
      <Filter>src\Key\Renderer</Filter>
    </ClInclude>
    <ClInclude Include="src\Key\Renderer\RenderCommandQueue.h">
      <Filter>src\Key\Renderer</Filter>
    </ClInclude>
    <ClInclude Include="src\Key\Renderer\RenderPass.h">
      <Filter>src\Key\Renderer</Filter>
    </ClInclude>
    <ClInclude Include="src\Key\Renderer\Renderer.h">
      <Filter>src\Key\Renderer</Filter>
    </ClInclude>
    <ClInclude Include="src\Key\Renderer\Renderer2D.h">
      <Filter>src\Key\Renderer</Filter>
    </ClInclude>
    <ClInclude Include="src\Key\Renderer\RendererAPI.h">
      <Filter>src\Key\Renderer</Filter>
    </ClInclude>
    <ClInclude Include="src\Key\Renderer\RendererCapabilities.h">
      <Filter>src\Key\Renderer</Filter>
    </ClInclude>
    <ClInclude Include="src\Key\Renderer\RendererContext.h">
      <Filter>src\Key\Renderer</Filter>
    </ClInclude>
    <ClInclude Include="src\Key\Renderer\RendererTypes.h">
      <Filter>src\Key\Renderer</Filter>
    </ClInclude>
    <ClInclude Include="src\Key\Renderer\SceneEnvironment.h">
      <Filter>src\Key\Renderer</Filter>
    </ClInclude>
    <ClInclude Include="src\Key\Renderer\SceneRenderer.h">
      <Filter>src\Key\Renderer</Filter>
    </ClInclude>
    <ClInclude Include="src\Key\Renderer\Shader.h">
      <Filter>src\Key\Renderer</Filter>
    </ClInclude>
    <ClInclude Include="src\Key\Renderer\ShaderUniform.h">
      <Filter>src\Key\Renderer</Filter>
    </ClInclude>
    <ClInclude Include="src\Key\Renderer\Texture.h">
      <Filter>src\Key\Renderer</Filter>
    </ClInclude>
    <ClInclude Include="src\Key\Renderer\UniformBuffer.h">
      <Filter>src\Key\Renderer</Filter>
    </ClInclude>
    <ClInclude Include="src\Key\Renderer\UniformBufferSet.h">
      <Filter>src\Key\Renderer</Filter>
    </ClInclude>
    <ClInclude Include="src\Key\Renderer\VertexBuffer.h">
      <Filter>src\Key\Renderer</Filter>
    </ClInclude>
    <ClInclude Include="src\Key\Scene\Components.h">
      <Filter>src\Key\Scene</Filter>
    </ClInclude>
    <ClInclude Include="src\Key\Scene\Entity.h">
      <Filter>src\Key\Scene</Filter>
    </ClInclude>
    <ClInclude Include="src\Key\Scene\Scene.h">
      <Filter>src\Key\Scene</Filter>
    </ClInclude>
    <ClInclude Include="src\Key\Scene\SceneCamera.h">
      <Filter>src\Key\Scene</Filter>
    </ClInclude>
    <ClInclude Include="src\Key\Scene\SceneSerializer.h">
      <Filter>src\Key\Scene</Filter>
    </ClInclude>
    <ClInclude Include="src\Key\Script\ScriptEngine.h">
      <Filter>src\Key\Script</Filter>
    </ClInclude>
    <ClInclude Include="src\Key\Script\ScriptEngineRegistry.h">
      <Filter>src\Key\Script</Filter>
    </ClInclude>
    <ClInclude Include="src\Key\Script\ScriptWrappers.h">
      <Filter>src\Key\Script</Filter>
    </ClInclude>
    <ClInclude Include="src\Key\Utilities\DragDropData.h">
      <Filter>src\Key\Utilities</Filter>
    </ClInclude>
    <ClInclude Include="src\Key\Utilities\FileSystem.h">
      <Filter>src\Key\Utilities</Filter>
    </ClInclude>
    <ClInclude Include="src\Key\Utilities\StringUtils.h">
      <Filter>src\Key\Utilities</Filter>
    </ClInclude>
    <ClInclude Include="src\Kpch.h">
      <Filter>src</Filter>
    </ClInclude>
    <ClInclude Include="vendor\VulkanMemoryAllocator\vk_mem_alloc.h">
      <Filter>vendor\VulkanMemoryAllocator</Filter>
    </ClInclude>
    <ClInclude Include="vendor\yaml-cpp\include\yaml-cpp\anchor.h">
      <Filter>vendor\yaml-cpp\include\yaml-cpp</Filter>
    </ClInclude>
    <ClInclude Include="vendor\yaml-cpp\include\yaml-cpp\binary.h">
      <Filter>vendor\yaml-cpp\include\yaml-cpp</Filter>
    </ClInclude>
    <ClInclude Include="vendor\yaml-cpp\include\yaml-cpp\contrib\anchordict.h">
      <Filter>vendor\yaml-cpp\include\yaml-cpp\contrib</Filter>
    </ClInclude>
    <ClInclude Include="vendor\yaml-cpp\include\yaml-cpp\contrib\graphbuilder.h">
      <Filter>vendor\yaml-cpp\include\yaml-cpp\contrib</Filter>
    </ClInclude>
    <ClInclude Include="vendor\yaml-cpp\include\yaml-cpp\depthguard.h">
      <Filter>vendor\yaml-cpp\include\yaml-cpp</Filter>
    </ClInclude>
    <ClInclude Include="vendor\yaml-cpp\include\yaml-cpp\dll.h">
      <Filter>vendor\yaml-cpp\include\yaml-cpp</Filter>
    </ClInclude>
    <ClInclude Include="vendor\yaml-cpp\include\yaml-cpp\emitfromevents.h">
      <Filter>vendor\yaml-cpp\include\yaml-cpp</Filter>
    </ClInclude>
    <ClInclude Include="vendor\yaml-cpp\include\yaml-cpp\emitter.h">
      <Filter>vendor\yaml-cpp\include\yaml-cpp</Filter>
    </ClInclude>
    <ClInclude Include="vendor\yaml-cpp\include\yaml-cpp\emitterdef.h">
      <Filter>vendor\yaml-cpp\include\yaml-cpp</Filter>
    </ClInclude>
    <ClInclude Include="vendor\yaml-cpp\include\yaml-cpp\emittermanip.h">
      <Filter>vendor\yaml-cpp\include\yaml-cpp</Filter>
    </ClInclude>
    <ClInclude Include="vendor\yaml-cpp\include\yaml-cpp\emitterstyle.h">
      <Filter>vendor\yaml-cpp\include\yaml-cpp</Filter>
    </ClInclude>
    <ClInclude Include="vendor\yaml-cpp\include\yaml-cpp\eventhandler.h">
      <Filter>vendor\yaml-cpp\include\yaml-cpp</Filter>
    </ClInclude>
    <ClInclude Include="vendor\yaml-cpp\include\yaml-cpp\exceptions.h">
      <Filter>vendor\yaml-cpp\include\yaml-cpp</Filter>
    </ClInclude>
    <ClInclude Include="vendor\yaml-cpp\include\yaml-cpp\mark.h">
      <Filter>vendor\yaml-cpp\include\yaml-cpp</Filter>
    </ClInclude>
    <ClInclude Include="vendor\yaml-cpp\include\yaml-cpp\node\convert.h">
      <Filter>vendor\yaml-cpp\include\yaml-cpp\node</Filter>
    </ClInclude>
    <ClInclude Include="vendor\yaml-cpp\include\yaml-cpp\node\detail\impl.h">
      <Filter>vendor\yaml-cpp\include\yaml-cpp\node\detail</Filter>
    </ClInclude>
    <ClInclude Include="vendor\yaml-cpp\include\yaml-cpp\node\detail\iterator.h">
      <Filter>vendor\yaml-cpp\include\yaml-cpp\node\detail</Filter>
    </ClInclude>
    <ClInclude Include="vendor\yaml-cpp\include\yaml-cpp\node\detail\iterator_fwd.h">
      <Filter>vendor\yaml-cpp\include\yaml-cpp\node\detail</Filter>
    </ClInclude>
    <ClInclude Include="vendor\yaml-cpp\include\yaml-cpp\node\detail\memory.h">
      <Filter>vendor\yaml-cpp\include\yaml-cpp\node\detail</Filter>
    </ClInclude>
    <ClInclude Include="vendor\yaml-cpp\include\yaml-cpp\node\detail\node.h">
      <Filter>vendor\yaml-cpp\include\yaml-cpp\node\detail</Filter>
    </ClInclude>
    <ClInclude Include="vendor\yaml-cpp\include\yaml-cpp\node\detail\node_data.h">
      <Filter>vendor\yaml-cpp\include\yaml-cpp\node\detail</Filter>
    </ClInclude>
    <ClInclude Include="vendor\yaml-cpp\include\yaml-cpp\node\detail\node_iterator.h">
      <Filter>vendor\yaml-cpp\include\yaml-cpp\node\detail</Filter>
    </ClInclude>
    <ClInclude Include="vendor\yaml-cpp\include\yaml-cpp\node\detail\node_ref.h">
      <Filter>vendor\yaml-cpp\include\yaml-cpp\node\detail</Filter>
    </ClInclude>
    <ClInclude Include="vendor\yaml-cpp\include\yaml-cpp\node\emit.h">
      <Filter>vendor\yaml-cpp\include\yaml-cpp\node</Filter>
    </ClInclude>
    <ClInclude Include="vendor\yaml-cpp\include\yaml-cpp\node\impl.h">
      <Filter>vendor\yaml-cpp\include\yaml-cpp\node</Filter>
    </ClInclude>
    <ClInclude Include="vendor\yaml-cpp\include\yaml-cpp\node\iterator.h">
      <Filter>vendor\yaml-cpp\include\yaml-cpp\node</Filter>
    </ClInclude>
    <ClInclude Include="vendor\yaml-cpp\include\yaml-cpp\node\node.h">
      <Filter>vendor\yaml-cpp\include\yaml-cpp\node</Filter>
    </ClInclude>
    <ClInclude Include="vendor\yaml-cpp\include\yaml-cpp\node\parse.h">
      <Filter>vendor\yaml-cpp\include\yaml-cpp\node</Filter>
    </ClInclude>
    <ClInclude Include="vendor\yaml-cpp\include\yaml-cpp\node\ptr.h">
      <Filter>vendor\yaml-cpp\include\yaml-cpp\node</Filter>
    </ClInclude>
    <ClInclude Include="vendor\yaml-cpp\include\yaml-cpp\node\type.h">
      <Filter>vendor\yaml-cpp\include\yaml-cpp\node</Filter>
    </ClInclude>
    <ClInclude Include="vendor\yaml-cpp\include\yaml-cpp\noexcept.h">
      <Filter>vendor\yaml-cpp\include\yaml-cpp</Filter>
    </ClInclude>
    <ClInclude Include="vendor\yaml-cpp\include\yaml-cpp\null.h">
      <Filter>vendor\yaml-cpp\include\yaml-cpp</Filter>
    </ClInclude>
    <ClInclude Include="vendor\yaml-cpp\include\yaml-cpp\ostream_wrapper.h">
      <Filter>vendor\yaml-cpp\include\yaml-cpp</Filter>
    </ClInclude>
    <ClInclude Include="vendor\yaml-cpp\include\yaml-cpp\parser.h">
      <Filter>vendor\yaml-cpp\include\yaml-cpp</Filter>
    </ClInclude>
    <ClInclude Include="vendor\yaml-cpp\include\yaml-cpp\stlemitter.h">
      <Filter>vendor\yaml-cpp\include\yaml-cpp</Filter>
    </ClInclude>
    <ClInclude Include="vendor\yaml-cpp\include\yaml-cpp\traits.h">
      <Filter>vendor\yaml-cpp\include\yaml-cpp</Filter>
    </ClInclude>
    <ClInclude Include="vendor\yaml-cpp\include\yaml-cpp\yaml.h">
      <Filter>vendor\yaml-cpp\include\yaml-cpp</Filter>
    </ClInclude>
    <ClInclude Include="vendor\yaml-cpp\src\collectionstack.h">
      <Filter>vendor\yaml-cpp\src</Filter>
    </ClInclude>
    <ClInclude Include="vendor\yaml-cpp\src\contrib\graphbuilderadapter.h">
      <Filter>vendor\yaml-cpp\src\contrib</Filter>
    </ClInclude>
    <ClInclude Include="vendor\yaml-cpp\src\directives.h">
      <Filter>vendor\yaml-cpp\src</Filter>
    </ClInclude>
    <ClInclude Include="vendor\yaml-cpp\src\emitterstate.h">
      <Filter>vendor\yaml-cpp\src</Filter>
    </ClInclude>
    <ClInclude Include="vendor\yaml-cpp\src\emitterutils.h">
      <Filter>vendor\yaml-cpp\src</Filter>
    </ClInclude>
    <ClInclude Include="vendor\yaml-cpp\src\exp.h">
      <Filter>vendor\yaml-cpp\src</Filter>
    </ClInclude>
    <ClInclude Include="vendor\yaml-cpp\src\indentation.h">
      <Filter>vendor\yaml-cpp\src</Filter>
    </ClInclude>
    <ClInclude Include="vendor\yaml-cpp\src\nodebuilder.h">
      <Filter>vendor\yaml-cpp\src</Filter>
    </ClInclude>
    <ClInclude Include="vendor\yaml-cpp\src\nodeevents.h">
      <Filter>vendor\yaml-cpp\src</Filter>
    </ClInclude>
    <ClInclude Include="vendor\yaml-cpp\src\ptr_vector.h">
      <Filter>vendor\yaml-cpp\src</Filter>
    </ClInclude>
    <ClInclude Include="vendor\yaml-cpp\src\regex_yaml.h">
      <Filter>vendor\yaml-cpp\src</Filter>
    </ClInclude>
    <ClInclude Include="vendor\yaml-cpp\src\regeximpl.h">
      <Filter>vendor\yaml-cpp\src</Filter>
    </ClInclude>
    <ClInclude Include="vendor\yaml-cpp\src\scanner.h">
      <Filter>vendor\yaml-cpp\src</Filter>
    </ClInclude>
    <ClInclude Include="vendor\yaml-cpp\src\scanscalar.h">
      <Filter>vendor\yaml-cpp\src</Filter>
    </ClInclude>
    <ClInclude Include="vendor\yaml-cpp\src\scantag.h">
      <Filter>vendor\yaml-cpp\src</Filter>
    </ClInclude>
    <ClInclude Include="vendor\yaml-cpp\src\setting.h">
      <Filter>vendor\yaml-cpp\src</Filter>
    </ClInclude>
    <ClInclude Include="vendor\yaml-cpp\src\singledocparser.h">
      <Filter>vendor\yaml-cpp\src</Filter>
    </ClInclude>
    <ClInclude Include="vendor\yaml-cpp\src\stream.h">
      <Filter>vendor\yaml-cpp\src</Filter>
    </ClInclude>
    <ClInclude Include="vendor\yaml-cpp\src\streamcharsource.h">
      <Filter>vendor\yaml-cpp\src</Filter>
    </ClInclude>
    <ClInclude Include="vendor\yaml-cpp\src\stringsource.h">
      <Filter>vendor\yaml-cpp\src</Filter>
    </ClInclude>
    <ClInclude Include="vendor\yaml-cpp\src\tag.h">
      <Filter>vendor\yaml-cpp\src</Filter>
    </ClInclude>
    <ClInclude Include="vendor\yaml-cpp\src\token.h">
      <Filter>vendor\yaml-cpp\src</Filter>
    </ClInclude>
  </ItemGroup>
  <ItemGroup>
    <ClCompile Include="src\Key\Asset\AssetImporter.cpp">
      <Filter>src\Key\Asset</Filter>
    </ClCompile>
    <ClCompile Include="src\Key\Asset\AssetManager.cpp">
      <Filter>src\Key\Asset</Filter>
    </ClCompile>
    <ClCompile Include="src\Key\Asset\AssetSerializer.cpp">
      <Filter>src\Key\Asset</Filter>
    </ClCompile>
    <ClCompile Include="src\Key\Core\Application.cpp">
      <Filter>src\Key\Core</Filter>
    </ClCompile>
    <ClCompile Include="src\Key\Core\Base.cpp">
      <Filter>src\Key\Core</Filter>
    </ClCompile>
    <ClCompile Include="src\Key\Core\Layer.cpp">
      <Filter>src\Key\Core</Filter>
    </ClCompile>
    <ClCompile Include="src\Key\Core\LayerStack.cpp">
      <Filter>src\Key\Core</Filter>
    </ClCompile>
    <ClCompile Include="src\Key\Core\Log.cpp">
      <Filter>src\Key\Core</Filter>
    </ClCompile>
    <ClCompile Include="src\Key\Core\Math\Mat4.cpp">
      <Filter>src\Key\Core\Math</Filter>
    </ClCompile>
    <ClCompile Include="src\Key\Core\Math\Noise.cpp">
      <Filter>src\Key\Core\Math</Filter>
    </ClCompile>
    <ClCompile Include="src\Key\Core\UUID.cpp">
      <Filter>src\Key\Core</Filter>
    </ClCompile>
    <ClCompile Include="src\Key\Core\Window.cpp">
      <Filter>src\Key\Core</Filter>
    </ClCompile>
    <ClCompile Include="src\Key\Editor\AssetEditorPanel.cpp">
      <Filter>src\Key\Editor</Filter>
    </ClCompile>
    <ClCompile Include="src\Key\Editor\ContentBrowserPanel.cpp">
      <Filter>src\Key\Editor</Filter>
    </ClCompile>
    <ClCompile Include="src\Key\Editor\DefaultAssetEditors.cpp">
      <Filter>src\Key\Editor</Filter>
    </ClCompile>
    <ClCompile Include="src\Key\Editor\EditorCamera.cpp">
      <Filter>src\Key\Editor</Filter>
    </ClCompile>
    <ClCompile Include="src\Key\Editor\MeshViewerPanel.cpp">
      <Filter>src\Key\Editor</Filter>
    </ClCompile>
    <ClCompile Include="src\Key\Editor\ObjectsPanel.cpp">
      <Filter>src\Key\Editor</Filter>
    </ClCompile>
    <ClCompile Include="src\Key\Editor\SceneHierarchyPanel.cpp">
      <Filter>src\Key\Editor</Filter>
    </ClCompile>
    <ClCompile Include="src\Key\ImGui\ImGuiBuild.cpp">
      <Filter>src\Key\ImGui</Filter>
    </ClCompile>
    <ClCompile Include="src\Key\ImGui\ImGuiLayer.cpp">
      <Filter>src\Key\ImGui</Filter>
    </ClCompile>
    <ClCompile Include="src\Key\ImGui\ImGuizmo.cpp">
      <Filter>src\Key\ImGui</Filter>
    </ClCompile>
    <ClCompile Include="src\Key\ImGui\VulkanImGui.cpp">
      <Filter>src\Key\ImGui</Filter>
    </ClCompile>
    <ClCompile Include="src\Key\Math\Math.cpp">
      <Filter>src\Key\Math</Filter>
    </ClCompile>
    <ClCompile Include="src\Key\PlatForm\OpenGL\OpenGLContext.cpp">
      <Filter>src\Key\PlatForm\OpenGL</Filter>
    </ClCompile>
    <ClCompile Include="src\Key\PlatForm\OpenGL\OpenGLFramebuffer.cpp">
      <Filter>src\Key\PlatForm\OpenGL</Filter>
    </ClCompile>
    <ClCompile Include="src\Key\PlatForm\OpenGL\OpenGLImGuiLayer.cpp">
      <Filter>src\Key\PlatForm\OpenGL</Filter>
    </ClCompile>
    <ClCompile Include="src\Key\PlatForm\OpenGL\OpenGLImage.cpp">
      <Filter>src\Key\PlatForm\OpenGL</Filter>
    </ClCompile>
    <ClCompile Include="src\Key\PlatForm\OpenGL\OpenGLIndexBuffer.cpp">
      <Filter>src\Key\PlatForm\OpenGL</Filter>
    </ClCompile>
    <ClCompile Include="src\Key\PlatForm\OpenGL\OpenGLMaterial.cpp">
      <Filter>src\Key\PlatForm\OpenGL</Filter>
    </ClCompile>
    <ClCompile Include="src\Key\PlatForm\OpenGL\OpenGLPipeline.cpp">
      <Filter>src\Key\PlatForm\OpenGL</Filter>
    </ClCompile>
    <ClCompile Include="src\Key\PlatForm\OpenGL\OpenGLRenderPass.cpp">
      <Filter>src\Key\PlatForm\OpenGL</Filter>
    </ClCompile>
    <ClCompile Include="src\Key\PlatForm\OpenGL\OpenGLRenderer.cpp">
      <Filter>src\Key\PlatForm\OpenGL</Filter>
    </ClCompile>
    <ClCompile Include="src\Key\PlatForm\OpenGL\OpenGLShader.cpp">
      <Filter>src\Key\PlatForm\OpenGL</Filter>
    </ClCompile>
    <ClCompile Include="src\Key\PlatForm\OpenGL\OpenGLTexture.cpp">
      <Filter>src\Key\PlatForm\OpenGL</Filter>
    </ClCompile>
    <ClCompile Include="src\Key\PlatForm\OpenGL\OpenGLUniformBuffer.cpp">
      <Filter>src\Key\PlatForm\OpenGL</Filter>
    </ClCompile>
    <ClCompile Include="src\Key\PlatForm\OpenGL\OpenGLVertexBuffer.cpp">
      <Filter>src\Key\PlatForm\OpenGL</Filter>
    </ClCompile>
    <ClCompile Include="src\Key\PlatForm\Vulkan\Debug\NsightAftermathGpuCrashTracker.cpp">
      <Filter>src\Key\PlatForm\Vulkan\Debug</Filter>
    </ClCompile>
    <ClCompile Include="src\Key\PlatForm\Vulkan\Debug\NsightAftermathShaderDatabase.cpp">
      <Filter>src\Key\PlatForm\Vulkan\Debug</Filter>
    </ClCompile>
    <ClCompile Include="src\Key\PlatForm\Vulkan\Vulkan.cpp">
      <Filter>src\Key\PlatForm\Vulkan</Filter>
    </ClCompile>
    <ClCompile Include="src\Key\PlatForm\Vulkan\VulkanAllocator.cpp">
      <Filter>src\Key\PlatForm\Vulkan</Filter>
    </ClCompile>
    <ClCompile Include="src\Key\PlatForm\Vulkan\VulkanComputePipeline.cpp">
      <Filter>src\Key\PlatForm\Vulkan</Filter>
    </ClCompile>
    <ClCompile Include="src\Key\PlatForm\Vulkan\VulkanContext.cpp">
      <Filter>src\Key\PlatForm\Vulkan</Filter>
    </ClCompile>
    <ClCompile Include="src\Key\PlatForm\Vulkan\VulkanDevice.cpp">
      <Filter>src\Key\PlatForm\Vulkan</Filter>
    </ClCompile>
    <ClCompile Include="src\Key\PlatForm\Vulkan\VulkanDiagnostics.cpp">
      <Filter>src\Key\PlatForm\Vulkan</Filter>
    </ClCompile>
    <ClCompile Include="src\Key\PlatForm\Vulkan\VulkanFramebuffer.cpp">
      <Filter>src\Key\PlatForm\Vulkan</Filter>
    </ClCompile>
    <ClCompile Include="src\Key\PlatForm\Vulkan\VulkanImGuiLayer.cpp">
      <Filter>src\Key\PlatForm\Vulkan</Filter>
    </ClCompile>
    <ClCompile Include="src\Key\PlatForm\Vulkan\VulkanImage.cpp">
      <Filter>src\Key\PlatForm\Vulkan</Filter>
    </ClCompile>
    <ClCompile Include="src\Key\PlatForm\Vulkan\VulkanIndexBuffer.cpp">
      <Filter>src\Key\PlatForm\Vulkan</Filter>
    </ClCompile>
    <ClCompile Include="src\Key\PlatForm\Vulkan\VulkanMaterial.cpp">
      <Filter>src\Key\PlatForm\Vulkan</Filter>
    </ClCompile>
    <ClCompile Include="src\Key\PlatForm\Vulkan\VulkanPipeline.cpp">
      <Filter>src\Key\PlatForm\Vulkan</Filter>
    </ClCompile>
    <ClCompile Include="src\Key\PlatForm\Vulkan\VulkanRenderCommandBuffer.cpp">
      <Filter>src\Key\PlatForm\Vulkan</Filter>
    </ClCompile>
    <ClCompile Include="src\Key\PlatForm\Vulkan\VulkanRenderPass.cpp">
      <Filter>src\Key\PlatForm\Vulkan</Filter>
    </ClCompile>
    <ClCompile Include="src\Key\PlatForm\Vulkan\VulkanRenderer.cpp">
      <Filter>src\Key\PlatForm\Vulkan</Filter>
    </ClCompile>
    <ClCompile Include="src\Key\PlatForm\Vulkan\VulkanShader.cpp">
      <Filter>src\Key\PlatForm\Vulkan</Filter>
    </ClCompile>
    <ClCompile Include="src\Key\PlatForm\Vulkan\VulkanSwapChain.cpp">
      <Filter>src\Key\PlatForm\Vulkan</Filter>
    </ClCompile>
    <ClCompile Include="src\Key\PlatForm\Vulkan\VulkanTexture.cpp">
      <Filter>src\Key\PlatForm\Vulkan</Filter>
    </ClCompile>
    <ClCompile Include="src\Key\PlatForm\Vulkan\VulkanUniformBuffer.cpp">
      <Filter>src\Key\PlatForm\Vulkan</Filter>
    </ClCompile>
    <ClCompile Include="src\Key\PlatForm\Vulkan\VulkanVertexBuffer.cpp">
      <Filter>src\Key\PlatForm\Vulkan</Filter>
    </ClCompile>
    <ClCompile Include="src\Key\PlatForm\Windows\WindowsFileSystem.cpp">
      <Filter>src\Key\PlatForm\Windows</Filter>
    </ClCompile>
    <ClCompile Include="src\Key\PlatForm\Windows\WindowsInput.cpp">
      <Filter>src\Key\PlatForm\Windows</Filter>
    </ClCompile>
    <ClCompile Include="src\Key\PlatForm\Windows\WindowsWindow.cpp">
      <Filter>src\Key\PlatForm\Windows</Filter>
    </ClCompile>
    <ClCompile Include="src\Key\Renderer\Camera.cpp">
      <Filter>src\Key\Renderer</Filter>
    </ClCompile>
    <ClCompile Include="src\Key\Renderer\CameraController.cpp">
      <Filter>src\Key\Renderer</Filter>
    </ClCompile>
    <ClCompile Include="src\Key\Renderer\Framebuffer.cpp">
      <Filter>src\Key\Renderer</Filter>
    </ClCompile>
    <ClCompile Include="src\Key\Renderer\Image.cpp">
      <Filter>src\Key\Renderer</Filter>
    </ClCompile>
    <ClCompile Include="src\Key\Renderer\IndexBuffer.cpp">
      <Filter>src\Key\Renderer</Filter>
    </ClCompile>
    <ClCompile Include="src\Key\Renderer\Material.cpp">
      <Filter>src\Key\Renderer</Filter>
    </ClCompile>
    <ClCompile Include="src\Key\Renderer\Mesh.cpp">
      <Filter>src\Key\Renderer</Filter>
    </ClCompile>
    <ClCompile Include="src\Key\Renderer\MeshFactory.cpp">
      <Filter>src\Key\Renderer</Filter>
    </ClCompile>
    <ClCompile Include="src\Key\Renderer\OrthographicCamera.cpp">
      <Filter>src\Key\Renderer</Filter>
    </ClCompile>
    <ClCompile Include="src\Key\Renderer\Pipeline.cpp">
      <Filter>src\Key\Renderer</Filter>
    </ClCompile>
    <ClCompile Include="src\Key\Renderer\RenderCommandBuffer.cpp">
      <Filter>src\Key\Renderer</Filter>
    </ClCompile>
    <ClCompile Include="src\Key\Renderer\RenderCommandQueue.cpp">
      <Filter>src\Key\Renderer</Filter>
    </ClCompile>
    <ClCompile Include="src\Key\Renderer\RenderPass.cpp">
      <Filter>src\Key\Renderer</Filter>
    </ClCompile>
    <ClCompile Include="src\Key\Renderer\Renderer.cpp">
      <Filter>src\Key\Renderer</Filter>
    </ClCompile>
    <ClCompile Include="src\Key\Renderer\Renderer2D.cpp">
      <Filter>src\Key\Renderer</Filter>
    </ClCompile>
    <ClCompile Include="src\Key\Renderer\RendererContext.cpp">
      <Filter>src\Key\Renderer</Filter>
    </ClCompile>
    <ClCompile Include="src\Key\Renderer\SceneEnvironment.cpp">
      <Filter>src\Key\Renderer</Filter>
    </ClCompile>
    <ClCompile Include="src\Key\Renderer\SceneRenderer.cpp">
      <Filter>src\Key\Renderer</Filter>
    </ClCompile>
    <ClCompile Include="src\Key\Renderer\Shader.cpp">
      <Filter>src\Key\Renderer</Filter>
    </ClCompile>
    <ClCompile Include="src\Key\Renderer\Texture.cpp">
      <Filter>src\Key\Renderer</Filter>
    </ClCompile>
    <ClCompile Include="src\Key\Renderer\UniformBuffer.cpp">
      <Filter>src\Key\Renderer</Filter>
    </ClCompile>
    <ClCompile Include="src\Key\Renderer\UniformBufferSet.cpp">
      <Filter>src\Key\Renderer</Filter>
    </ClCompile>
    <ClCompile Include="src\Key\Renderer\VertexBuffer.cpp">
      <Filter>src\Key\Renderer</Filter>
    </ClCompile>
    <ClCompile Include="src\Key\Scene\Entity.cpp">
      <Filter>src\Key\Scene</Filter>
    </ClCompile>
    <ClCompile Include="src\Key\Scene\Scene.cpp">
      <Filter>src\Key\Scene</Filter>
    </ClCompile>
    <ClCompile Include="src\Key\Scene\SceneCamera.cpp">
      <Filter>src\Key\Scene</Filter>
    </ClCompile>
    <ClCompile Include="src\Key\Scene\SceneSerializer.cpp">
      <Filter>src\Key\Scene</Filter>
    </ClCompile>
    <ClCompile Include="src\Key\Script\ScriptEngine.cpp">
      <Filter>src\Key\Script</Filter>
    </ClCompile>
    <ClCompile Include="src\Key\Script\ScriptEngineRegistry.cpp">
      <Filter>src\Key\Script</Filter>
    </ClCompile>
    <ClCompile Include="src\Key\Script\ScriptWrappers.cpp">
      <Filter>src\Key\Script</Filter>
    </ClCompile>
    <ClCompile Include="src\Key\Utilities\StringUtils.cpp">
      <Filter>src\Key\Utilities</Filter>
    </ClCompile>
    <ClCompile Include="src\Kpch.cpp">
      <Filter>src</Filter>
    </ClCompile>
    <ClCompile Include="vendor\FastNoise\FastNoise.cpp">
      <Filter>vendor\FastNoise</Filter>
    </ClCompile>
    <ClCompile Include="vendor\VulkanMemoryAllocator\vk_mem_alloc.cpp">
      <Filter>vendor\VulkanMemoryAllocator</Filter>
    </ClCompile>
    <ClCompile Include="vendor\yaml-cpp\src\binary.cpp">
      <Filter>vendor\yaml-cpp\src</Filter>
    </ClCompile>
    <ClCompile Include="vendor\yaml-cpp\src\contrib\graphbuilder.cpp">
      <Filter>vendor\yaml-cpp\src\contrib</Filter>
    </ClCompile>
    <ClCompile Include="vendor\yaml-cpp\src\contrib\graphbuilderadapter.cpp">
      <Filter>vendor\yaml-cpp\src\contrib</Filter>
    </ClCompile>
    <ClCompile Include="vendor\yaml-cpp\src\convert.cpp">
      <Filter>vendor\yaml-cpp\src</Filter>
    </ClCompile>
    <ClCompile Include="vendor\yaml-cpp\src\depthguard.cpp">
      <Filter>vendor\yaml-cpp\src</Filter>
    </ClCompile>
    <ClCompile Include="vendor\yaml-cpp\src\directives.cpp">
      <Filter>vendor\yaml-cpp\src</Filter>
    </ClCompile>
    <ClCompile Include="vendor\yaml-cpp\src\emit.cpp">
      <Filter>vendor\yaml-cpp\src</Filter>
    </ClCompile>
    <ClCompile Include="vendor\yaml-cpp\src\emitfromevents.cpp">
      <Filter>vendor\yaml-cpp\src</Filter>
    </ClCompile>
    <ClCompile Include="vendor\yaml-cpp\src\emitter.cpp">
      <Filter>vendor\yaml-cpp\src</Filter>
    </ClCompile>
    <ClCompile Include="vendor\yaml-cpp\src\emitterstate.cpp">
      <Filter>vendor\yaml-cpp\src</Filter>
    </ClCompile>
    <ClCompile Include="vendor\yaml-cpp\src\emitterutils.cpp">
      <Filter>vendor\yaml-cpp\src</Filter>
    </ClCompile>
    <ClCompile Include="vendor\yaml-cpp\src\exceptions.cpp">
      <Filter>vendor\yaml-cpp\src</Filter>
    </ClCompile>
    <ClCompile Include="vendor\yaml-cpp\src\exp.cpp">
      <Filter>vendor\yaml-cpp\src</Filter>
    </ClCompile>
    <ClCompile Include="vendor\yaml-cpp\src\memory.cpp">
      <Filter>vendor\yaml-cpp\src</Filter>
    </ClCompile>
    <ClCompile Include="vendor\yaml-cpp\src\node.cpp">
      <Filter>vendor\yaml-cpp\src</Filter>
    </ClCompile>
    <ClCompile Include="vendor\yaml-cpp\src\node_data.cpp">
      <Filter>vendor\yaml-cpp\src</Filter>
    </ClCompile>
    <ClCompile Include="vendor\yaml-cpp\src\nodebuilder.cpp">
      <Filter>vendor\yaml-cpp\src</Filter>
    </ClCompile>
    <ClCompile Include="vendor\yaml-cpp\src\nodeevents.cpp">
      <Filter>vendor\yaml-cpp\src</Filter>
    </ClCompile>
    <ClCompile Include="vendor\yaml-cpp\src\null.cpp">
      <Filter>vendor\yaml-cpp\src</Filter>
    </ClCompile>
    <ClCompile Include="vendor\yaml-cpp\src\ostream_wrapper.cpp">
      <Filter>vendor\yaml-cpp\src</Filter>
    </ClCompile>
    <ClCompile Include="vendor\yaml-cpp\src\parse.cpp">
      <Filter>vendor\yaml-cpp\src</Filter>
    </ClCompile>
    <ClCompile Include="vendor\yaml-cpp\src\parser.cpp">
      <Filter>vendor\yaml-cpp\src</Filter>
    </ClCompile>
    <ClCompile Include="vendor\yaml-cpp\src\regex_yaml.cpp">
      <Filter>vendor\yaml-cpp\src</Filter>
    </ClCompile>
    <ClCompile Include="vendor\yaml-cpp\src\scanner.cpp">
      <Filter>vendor\yaml-cpp\src</Filter>
    </ClCompile>
    <ClCompile Include="vendor\yaml-cpp\src\scanscalar.cpp">
      <Filter>vendor\yaml-cpp\src</Filter>
    </ClCompile>
    <ClCompile Include="vendor\yaml-cpp\src\scantag.cpp">
      <Filter>vendor\yaml-cpp\src</Filter>
    </ClCompile>
    <ClCompile Include="vendor\yaml-cpp\src\scantoken.cpp">
      <Filter>vendor\yaml-cpp\src</Filter>
    </ClCompile>
    <ClCompile Include="vendor\yaml-cpp\src\simplekey.cpp">
      <Filter>vendor\yaml-cpp\src</Filter>
    </ClCompile>
    <ClCompile Include="vendor\yaml-cpp\src\singledocparser.cpp">
      <Filter>vendor\yaml-cpp\src</Filter>
    </ClCompile>
    <ClCompile Include="vendor\yaml-cpp\src\stream.cpp">
      <Filter>vendor\yaml-cpp\src</Filter>
    </ClCompile>
    <ClCompile Include="vendor\yaml-cpp\src\tag.cpp">
      <Filter>vendor\yaml-cpp\src</Filter>
    </ClCompile>
  </ItemGroup>
</Project>