<?xml version="1.0" encoding="utf-8"?>
<Project ToolsVersion="4.0" xmlns="http://schemas.microsoft.com/developer/msbuild/2003">
  <ItemGroup>
    <Filter Include="Key">
      <UniqueIdentifier>{6EFF870B-DA08-887C-6384-9E7CCF8C937C}</UniqueIdentifier>
    </Filter>
    <Filter Include="Key\Events">
      <UniqueIdentifier>{924372D0-7EFB-B31D-E702-8D79D3D94E0E}</UniqueIdentifier>
    </Filter>
    <Filter Include="Key\ImGui">
      <UniqueIdentifier>{18CFD91D-8439-8E94-CD77-3F3A39216CE9}</UniqueIdentifier>
    </Filter>
    <Filter Include="Key\PlatForm">
      <UniqueIdentifier>{62EB1DD2-4E4E-AD76-F7D3-E52CE31579F9}</UniqueIdentifier>
    </Filter>
    <Filter Include="Key\PlatForm\OpenGL">
      <UniqueIdentifier>{56B27771-C213-557F-4B81-9B31B7E18B3E}</UniqueIdentifier>
    </Filter>
    <Filter Include="Key\PlatForm\Windows">
      <UniqueIdentifier>{9CD789F8-8866-13C2-3185-27BD1DF32368}</UniqueIdentifier>
    </Filter>
    <Filter Include="Key\Renderer">
      <UniqueIdentifier>{D47E0CAD-C0E1-9B51-6967-D40755A967D4}</UniqueIdentifier>
    </Filter>
  </ItemGroup>
  <ItemGroup>
    <ClInclude Include="src\Key.h" />
    <ClInclude Include="src\Key\Application.h">
      <Filter>Key</Filter>
    </ClInclude>
    <ClInclude Include="src\Key\Core.h">
      <Filter>Key</Filter>
    </ClInclude>
    <ClInclude Include="src\Key\EntryPoint.h">
      <Filter>Key</Filter>
    </ClInclude>
    <ClInclude Include="src\Key\Events\ApplicationEvent.h">
      <Filter>Key\Events</Filter>
    </ClInclude>
    <ClInclude Include="src\Key\Events\Event.h">
      <Filter>Key\Events</Filter>
    </ClInclude>
    <ClInclude Include="src\Key\Events\KeyBoardEvent.h">
      <Filter>Key\Events</Filter>
    </ClInclude>
    <ClInclude Include="src\Key\Events\MouseEvent.h">
      <Filter>Key\Events</Filter>
    </ClInclude>
    <ClInclude Include="src\Key\ImGui\ImGuiLayer.h">
      <Filter>Key\ImGui</Filter>
    </ClInclude>
    <ClInclude Include="src\Key\KeyCodes.h">
      <Filter>Key</Filter>
    </ClInclude>
    <ClInclude Include="src\Key\Layer.h">
      <Filter>Key</Filter>
    </ClInclude>
    <ClInclude Include="src\Key\LayerStack.h">
      <Filter>Key</Filter>
    </ClInclude>
    <ClInclude Include="src\Key\Log.h">
      <Filter>Key</Filter>
    </ClInclude>
    <ClInclude Include="src\Key\MouseButtonCodes.h">
      <Filter>Key</Filter>
    </ClInclude>
    <ClInclude Include="src\Key\PlatForm\OpenGL\OpenGLContext.h">
      <Filter>Key\PlatForm\OpenGL</Filter>
    </ClInclude>
    <ClInclude Include="src\Key\PlatForm\Windows\WindowsWindow.h">
      <Filter>Key\PlatForm\Windows</Filter>
    </ClInclude>
    <ClInclude Include="src\Key\Renderer\GraphicsContext.h">
      <Filter>Key\Renderer</Filter>
    </ClInclude>
    <ClInclude Include="src\Key\Window.h">
      <Filter>Key</Filter>
    </ClInclude>
    <ClInclude Include="src\Key\input.h">
      <Filter>Key</Filter>
    </ClInclude>
    <ClInclude Include="src\Kpch.h" />
  </ItemGroup>
  <ItemGroup>
    <ClCompile Include="src\Key\Application.cpp">
      <Filter>Key</Filter>
    </ClCompile>
    <ClCompile Include="src\Key\ImGui\ImGuiBuild.cpp">
      <Filter>Key\ImGui</Filter>
    </ClCompile>
    <ClCompile Include="src\Key\ImGui\ImGuiLayer.cpp">
      <Filter>Key\ImGui</Filter>
    </ClCompile>
    <ClCompile Include="src\Key\Layer.cpp">
      <Filter>Key</Filter>
    </ClCompile>
    <ClCompile Include="src\Key\LayerStack.cpp">
      <Filter>Key</Filter>
    </ClCompile>
    <ClCompile Include="src\Key\Log.cpp">
      <Filter>Key</Filter>
    </ClCompile>
    <ClCompile Include="src\Key\PlatForm\OpenGL\OpenGLContext.cpp">
      <Filter>Key\PlatForm\OpenGL</Filter>
    </ClCompile>
    <ClCompile Include="src\Key\PlatForm\Windows\WindowsWindow.cpp">
      <Filter>Key\PlatForm\Windows</Filter>
    </ClCompile>
    <ClCompile Include="src\Key\Window.cpp">
      <Filter>Key</Filter>
    </ClCompile>
    <ClCompile Include="src\Kpch.cpp" />
  </ItemGroup>
</Project>